// !$*UTF8*$!
{
	archiveVersion = 1;
	classes = {
	};
	objectVersion = 50;
	objects = {

/* Begin PBXBuildFile section */
		0535F80FD430166D21532FD2 /* libPods-HHZRNRouteManager.a in Frameworks */ = {isa = PBXBuildFile; fileRef = 4791D18F4578BADDE4EEC6A4 /* libPods-HHZRNRouteManager.a */; };
		94A161A92240E84600380B25 /* AppDelegate.m in Sources */ = {isa = PBXBuildFile; fileRef = 94A161A82240E84600380B25 /* AppDelegate.m */; };
		94A161AC2240E84600380B25 /* ViewController.m in Sources */ = {isa = PBXBuildFile; fileRef = 94A161AB2240E84600380B25 /* ViewController.m */; };
		94A161AF2240E84600380B25 /* Main.storyboard in Resources */ = {isa = PBXBuildFile; fileRef = 94A161AD2240E84600380B25 /* Main.storyboard */; };
		94A161B12240E84800380B25 /* Assets.xcassets in Resources */ = {isa = PBXBuildFile; fileRef = 94A161B02240E84800380B25 /* Assets.xcassets */; };
		94A161B42240E84800380B25 /* LaunchScreen.storyboard in Resources */ = {isa = PBXBuildFile; fileRef = 94A161B22240E84800380B25 /* LaunchScreen.storyboard */; };
		94A161B72240E84800380B25 /* main.m in Sources */ = {isa = PBXBuildFile; fileRef = 94A161B62240E84800380B25 /* main.m */; };
		94A161C02240EA2300380B25 /* TestA.m in Sources */ = {isa = PBXBuildFile; fileRef = 94A161BF2240EA2300380B25 /* TestA.m */; };
/* End PBXBuildFile section */

/* Begin PBXFileReference section */
		270F053A20CEBA74D42BDBE7 /* Pods-HHZRNRouteManager.release.xcconfig */ = {isa = PBXFileReference; includeInIndex = 1; lastKnownFileType = text.xcconfig; name = "Pods-HHZRNRouteManager.release.xcconfig"; path = "Pods/Target Support Files/Pods-HHZRNRouteManager/Pods-HHZRNRouteManager.release.xcconfig"; sourceTree = "<group>"; };
		4791D18F4578BADDE4EEC6A4 /* libPods-HHZRNRouteManager.a */ = {isa = PBXFileReference; explicitFileType = archive.ar; includeInIndex = 0; path = "libPods-HHZRNRouteManager.a"; sourceTree = BUILT_PRODUCTS_DIR; };
		67A2686E19085DC86C7C0A93 /* Pods-HHZRNRouteManager.debug.xcconfig */ = {isa = PBXFileReference; includeInIndex = 1; lastKnownFileType = text.xcconfig; name = "Pods-HHZRNRouteManager.debug.xcconfig"; path = "Pods/Target Support Files/Pods-HHZRNRouteManager/Pods-HHZRNRouteManager.debug.xcconfig"; sourceTree = "<group>"; };
		94A161A42240E84600380B25 /* HHZRNRouteManager.app */ = {isa = PBXFileReference; explicitFileType = wrapper.application; includeInIndex = 0; path = HHZRNRouteManager.app; sourceTree = BUILT_PRODUCTS_DIR; };
		94A161A72240E84600380B25 /* AppDelegate.h */ = {isa = PBXFileReference; lastKnownFileType = sourcecode.c.h; path = AppDelegate.h; sourceTree = "<group>"; };
		94A161A82240E84600380B25 /* AppDelegate.m */ = {isa = PBXFileReference; lastKnownFileType = sourcecode.c.objc; path = AppDelegate.m; sourceTree = "<group>"; };
		94A161AA2240E84600380B25 /* ViewController.h */ = {isa = PBXFileReference; lastKnownFileType = sourcecode.c.h; path = ViewController.h; sourceTree = "<group>"; };
		94A161AB2240E84600380B25 /* ViewController.m */ = {isa = PBXFileReference; lastKnownFileType = sourcecode.c.objc; path = ViewController.m; sourceTree = "<group>"; };
		94A161AE2240E84600380B25 /* Base */ = {isa = PBXFileReference; lastKnownFileType = file.storyboard; name = Base; path = Base.lproj/Main.storyboard; sourceTree = "<group>"; };
		94A161B02240E84800380B25 /* Assets.xcassets */ = {isa = PBXFileReference; lastKnownFileType = folder.assetcatalog; path = Assets.xcassets; sourceTree = "<group>"; };
		94A161B32240E84800380B25 /* Base */ = {isa = PBXFileReference; lastKnownFileType = file.storyboard; name = Base; path = Base.lproj/LaunchScreen.storyboard; sourceTree = "<group>"; };
		94A161B52240E84800380B25 /* Info.plist */ = {isa = PBXFileReference; lastKnownFileType = text.plist.xml; path = Info.plist; sourceTree = "<group>"; };
		94A161B62240E84800380B25 /* main.m */ = {isa = PBXFileReference; lastKnownFileType = sourcecode.c.objc; path = main.m; sourceTree = "<group>"; };
		94A161BE2240EA2300380B25 /* TestA.h */ = {isa = PBXFileReference; lastKnownFileType = sourcecode.c.h; path = TestA.h; sourceTree = "<group>"; };
		94A161BF2240EA2300380B25 /* TestA.m */ = {isa = PBXFileReference; lastKnownFileType = sourcecode.c.objc; path = TestA.m; sourceTree = "<group>"; };
/* End PBXFileReference section */

/* Begin PBXFrameworksBuildPhase section */
		94A161A12240E84600380B25 /* Frameworks */ = {
			isa = PBXFrameworksBuildPhase;
			buildActionMask = 2147483647;
			files = (
				0535F80FD430166D21532FD2 /* libPods-HHZRNRouteManager.a in Frameworks */,
			);
			runOnlyForDeploymentPostprocessing = 0;
		};
/* End PBXFrameworksBuildPhase section */

/* Begin PBXGroup section */
		94A1619B2240E84600380B25 = {
			isa = PBXGroup;
			children = (
				94A161A62240E84600380B25 /* HHZRNRouteManager */,
				94A161A52240E84600380B25 /* Products */,
				DC8EB696E4ACAC67780C4A3A /* Pods */,
				CD992A6F88106C535F51AAB9 /* Frameworks */,
			);
			sourceTree = "<group>";
		};
		94A161A52240E84600380B25 /* Products */ = {
			isa = PBXGroup;
			children = (
				94A161A42240E84600380B25 /* HHZRNRouteManager.app */,
			);
			name = Products;
			sourceTree = "<group>";
		};
		94A161A62240E84600380B25 /* HHZRNRouteManager */ = {
			isa = PBXGroup;
			children = (
				94A161BD2240EA1900380B25 /* classes */,
				94A161A72240E84600380B25 /* AppDelegate.h */,
				94A161A82240E84600380B25 /* AppDelegate.m */,
				94A161AA2240E84600380B25 /* ViewController.h */,
				94A161AB2240E84600380B25 /* ViewController.m */,
				94A161AD2240E84600380B25 /* Main.storyboard */,
				94A161B02240E84800380B25 /* Assets.xcassets */,
				94A161B22240E84800380B25 /* LaunchScreen.storyboard */,
				94A161B52240E84800380B25 /* Info.plist */,
				94A161B62240E84800380B25 /* main.m */,
			);
			path = HHZRNRouteManager;
			sourceTree = "<group>";
		};
		94A161BD2240EA1900380B25 /* classes */ = {
			isa = PBXGroup;
			children = (
				94A161BE2240EA2300380B25 /* TestA.h */,
				94A161BF2240EA2300380B25 /* TestA.m */,
			);
			path = classes;
			sourceTree = "<group>";
		};
		CD992A6F88106C535F51AAB9 /* Frameworks */ = {
			isa = PBXGroup;
			children = (
				4791D18F4578BADDE4EEC6A4 /* libPods-HHZRNRouteManager.a */,
			);
			name = Frameworks;
			sourceTree = "<group>";
		};
		DC8EB696E4ACAC67780C4A3A /* Pods */ = {
			isa = PBXGroup;
			children = (
				67A2686E19085DC86C7C0A93 /* Pods-HHZRNRouteManager.debug.xcconfig */,
				270F053A20CEBA74D42BDBE7 /* Pods-HHZRNRouteManager.release.xcconfig */,
			);
			name = Pods;
			sourceTree = "<group>";
		};
/* End PBXGroup section */

/* Begin PBXNativeTarget section */
		94A161A32240E84600380B25 /* HHZRNRouteManager */ = {
			isa = PBXNativeTarget;
			buildConfigurationList = 94A161BA2240E84800380B25 /* Build configuration list for PBXNativeTarget "HHZRNRouteManager" */;
			buildPhases = (
				5671901E4EF8E3AF4D496D8A /* [CP] Check Pods Manifest.lock */,
				94A161A02240E84600380B25 /* Sources */,
				94A161A12240E84600380B25 /* Frameworks */,
				94A161A22240E84600380B25 /* Resources */,
			);
			buildRules = (
			);
			dependencies = (
			);
			name = HHZRNRouteManager;
			productName = HHZRNRouteManager;
			productReference = 94A161A42240E84600380B25 /* HHZRNRouteManager.app */;
			productType = "com.apple.product-type.application";
		};
/* End PBXNativeTarget section */

/* Begin PBXProject section */
		94A1619C2240E84600380B25 /* Project object */ = {
			isa = PBXProject;
			attributes = {
				LastUpgradeCheck = 1010;
				ORGANIZATIONNAME = ChenZhe;
				TargetAttributes = {
					94A161A32240E84600380B25 = {
						CreatedOnToolsVersion = 10.1;
					};
				};
			};
			buildConfigurationList = 94A1619F2240E84600380B25 /* Build configuration list for PBXProject "HHZRNRouteManager" */;
			compatibilityVersion = "Xcode 9.3";
			developmentRegion = en;
			hasScannedForEncodings = 0;
			knownRegions = (
				en,
				Base,
			);
			mainGroup = 94A1619B2240E84600380B25;
			productRefGroup = 94A161A52240E84600380B25 /* Products */;
			projectDirPath = "";
			projectRoot = "";
			targets = (
				94A161A32240E84600380B25 /* HHZRNRouteManager */,
			);
		};
/* End PBXProject section */

/* Begin PBXResourcesBuildPhase section */
		94A161A22240E84600380B25 /* Resources */ = {
			isa = PBXResourcesBuildPhase;
			buildActionMask = 2147483647;
			files = (
				94A161B42240E84800380B25 /* LaunchScreen.storyboard in Resources */,
				94A161B12240E84800380B25 /* Assets.xcassets in Resources */,
				94A161AF2240E84600380B25 /* Main.storyboard in Resources */,
			);
			runOnlyForDeploymentPostprocessing = 0;
		};
/* End PBXResourcesBuildPhase section */

/* Begin PBXShellScriptBuildPhase section */
		5671901E4EF8E3AF4D496D8A /* [CP] Check Pods Manifest.lock */ = {
			isa = PBXShellScriptBuildPhase;
			buildActionMask = 2147483647;
			files = (
			);
			inputPaths = (
				"${PODS_PODFILE_DIR_PATH}/Podfile.lock",
				"${PODS_ROOT}/Manifest.lock",
			);
			name = "[CP] Check Pods Manifest.lock";
			outputPaths = (
				"$(DERIVED_FILE_DIR)/Pods-HHZRNRouteManager-checkManifestLockResult.txt",
			);
			runOnlyForDeploymentPostprocessing = 0;
			shellPath = /bin/sh;
			shellScript = "diff \"${PODS_PODFILE_DIR_PATH}/Podfile.lock\" \"${PODS_ROOT}/Manifest.lock\" > /dev/null\nif [ $? != 0 ] ; then\n    # print error to STDERR\n    echo \"error: The sandbox is not in sync with the Podfile.lock. Run 'pod install' or update your CocoaPods installation.\" >&2\n    exit 1\nfi\n# This output is used by Xcode 'outputs' to avoid re-running this script phase.\necho \"SUCCESS\" > \"${SCRIPT_OUTPUT_FILE_0}\"\n";
			showEnvVarsInLog = 0;
		};
/* End PBXShellScriptBuildPhase section */

/* Begin PBXSourcesBuildPhase section */
		94A161A02240E84600380B25 /* Sources */ = {
			isa = PBXSourcesBuildPhase;
			buildActionMask = 2147483647;
			files = (
				94A161AC2240E84600380B25 /* ViewController.m in Sources */,
				94A161B72240E84800380B25 /* main.m in Sources */,
				94A161A92240E84600380B25 /* AppDelegate.m in Sources */,
				94A161C02240EA2300380B25 /* TestA.m in Sources */,
			);
			runOnlyForDeploymentPostprocessing = 0;
		};
/* End PBXSourcesBuildPhase section */

/* Begin PBXVariantGroup section */
		94A161AD2240E84600380B25 /* Main.storyboard */ = {
			isa = PBXVariantGroup;
			children = (
				94A161AE2240E84600380B25 /* Base */,
			);
			name = Main.storyboard;
			sourceTree = "<group>";
		};
		94A161B22240E84800380B25 /* LaunchScreen.storyboard */ = {
			isa = PBXVariantGroup;
			children = (
				94A161B32240E84800380B25 /* Base */,
			);
			name = LaunchScreen.storyboard;
			sourceTree = "<group>";
		};
/* End PBXVariantGroup section */

/* Begin XCBuildConfiguration section */
		94A161B82240E84800380B25 /* Debug */ = {
			isa = XCBuildConfiguration;
			buildSettings = {
				ALWAYS_SEARCH_USER_PATHS = NO;
				CLANG_ANALYZER_NONNULL = YES;
				CLANG_ANALYZER_NUMBER_OBJECT_CONVERSION = YES_AGGRESSIVE;
				CLANG_CXX_LANGUAGE_STANDARD = "gnu++14";
				CLANG_CXX_LIBRARY = "libc++";
				CLANG_ENABLE_MODULES = YES;
				CLANG_ENABLE_OBJC_ARC = YES;
				CLANG_ENABLE_OBJC_WEAK = YES;
				CLANG_WARN_BLOCK_CAPTURE_AUTORELEASING = YES;
				CLANG_WARN_BOOL_CONVERSION = YES;
				CLANG_WARN_COMMA = YES;
				CLANG_WARN_CONSTANT_CONVERSION = YES;
				CLANG_WARN_DEPRECATED_OBJC_IMPLEMENTATIONS = YES;
				CLANG_WARN_DIRECT_OBJC_ISA_USAGE = YES_ERROR;
				CLANG_WARN_DOCUMENTATION_COMMENTS = YES;
				CLANG_WARN_EMPTY_BODY = YES;
				CLANG_WARN_ENUM_CONVERSION = YES;
				CLANG_WARN_INFINITE_RECURSION = YES;
				CLANG_WARN_INT_CONVERSION = YES;
				CLANG_WARN_NON_LITERAL_NULL_CONVERSION = YES;
				CLANG_WARN_OBJC_IMPLICIT_RETAIN_SELF = YES;
				CLANG_WARN_OBJC_LITERAL_CONVERSION = YES;
				CLANG_WARN_OBJC_ROOT_CLASS = YES_ERROR;
				CLANG_WARN_RANGE_LOOP_ANALYSIS = YES;
				CLANG_WARN_STRICT_PROTOTYPES = YES;
				CLANG_WARN_SUSPICIOUS_MOVE = YES;
				CLANG_WARN_UNGUARDED_AVAILABILITY = YES_AGGRESSIVE;
				CLANG_WARN_UNREACHABLE_CODE = YES;
				CLANG_WARN__DUPLICATE_METHOD_MATCH = YES;
				CODE_SIGN_IDENTITY = "iPhone Developer";
				COPY_PHASE_STRIP = NO;
				DEBUG_INFORMATION_FORMAT = dwarf;
				ENABLE_STRICT_OBJC_MSGSEND = YES;
				ENABLE_TESTABILITY = YES;
				GCC_C_LANGUAGE_STANDARD = gnu11;
				GCC_DYNAMIC_NO_PIC = NO;
				GCC_NO_COMMON_BLOCKS = YES;
				GCC_OPTIMIZATION_LEVEL = 0;
				GCC_PREPROCESSOR_DEFINITIONS = (
					"DEBUG=1",
					"$(inherited)",
				);
				GCC_WARN_64_TO_32_BIT_CONVERSION = YES;
				GCC_WARN_ABOUT_RETURN_TYPE = YES_ERROR;
				GCC_WARN_UNDECLARED_SELECTOR = YES;
				GCC_WARN_UNINITIALIZED_AUTOS = YES_AGGRESSIVE;
				GCC_WARN_UNUSED_FUNCTION = YES;
				GCC_WARN_UNUSED_VARIABLE = YES;
				IPHONEOS_DEPLOYMENT_TARGET = 12.1;
				MTL_ENABLE_DEBUG_INFO = INCLUDE_SOURCE;
				MTL_FAST_MATH = YES;
				ONLY_ACTIVE_ARCH = YES;
				SDKROOT = iphoneos;
			};
			name = Debug;
		};
		94A161B92240E84800380B25 /* Release */ = {
			isa = XCBuildConfiguration;
			buildSettings = {
				ALWAYS_SEARCH_USER_PATHS = NO;
				CLANG_ANALYZER_NONNULL = YES;
				CLANG_ANALYZER_NUMBER_OBJECT_CONVERSION = YES_AGGRESSIVE;
				CLANG_CXX_LANGUAGE_STANDARD = "gnu++14";
				CLANG_CXX_LIBRARY = "libc++";
				CLANG_ENABLE_MODULES = YES;
				CLANG_ENABLE_OBJC_ARC = YES;
				CLANG_ENABLE_OBJC_WEAK = YES;
				CLANG_WARN_BLOCK_CAPTURE_AUTORELEASING = YES;
				CLANG_WARN_BOOL_CONVERSION = YES;
				CLANG_WARN_COMMA = YES;
				CLANG_WARN_CONSTANT_CONVERSION = YES;
				CLANG_WARN_DEPRECATED_OBJC_IMPLEMENTATIONS = YES;
				CLANG_WARN_DIRECT_OBJC_ISA_USAGE = YES_ERROR;
				CLANG_WARN_DOCUMENTATION_COMMENTS = YES;
				CLANG_WARN_EMPTY_BODY = YES;
				CLANG_WARN_ENUM_CONVERSION = YES;
				CLANG_WARN_INFINITE_RECURSION = YES;
				CLANG_WARN_INT_CONVERSION = YES;
				CLANG_WARN_NON_LITERAL_NULL_CONVERSION = YES;
				CLANG_WARN_OBJC_IMPLICIT_RETAIN_SELF = YES;
				CLANG_WARN_OBJC_LITERAL_CONVERSION = YES;
				CLANG_WARN_OBJC_ROOT_CLASS = YES_ERROR;
				CLANG_WARN_RANGE_LOOP_ANALYSIS = YES;
				CLANG_WARN_STRICT_PROTOTYPES = YES;
				CLANG_WARN_SUSPICIOUS_MOVE = YES;
				CLANG_WARN_UNGUARDED_AVAILABILITY = YES_AGGRESSIVE;
				CLANG_WARN_UNREACHABLE_CODE = YES;
				CLANG_WARN__DUPLICATE_METHOD_MATCH = YES;
				CODE_SIGN_IDENTITY = "iPhone Developer";
				COPY_PHASE_STRIP = NO;
				DEBUG_INFORMATION_FORMAT = "dwarf-with-dsym";
				ENABLE_NS_ASSERTIONS = NO;
				ENABLE_STRICT_OBJC_MSGSEND = YES;
				GCC_C_LANGUAGE_STANDARD = gnu11;
				GCC_NO_COMMON_BLOCKS = YES;
				GCC_WARN_64_TO_32_BIT_CONVERSION = YES;
				GCC_WARN_ABOUT_RETURN_TYPE = YES_ERROR;
				GCC_WARN_UNDECLARED_SELECTOR = YES;
				GCC_WARN_UNINITIALIZED_AUTOS = YES_AGGRESSIVE;
				GCC_WARN_UNUSED_FUNCTION = YES;
				GCC_WARN_UNUSED_VARIABLE = YES;
				IPHONEOS_DEPLOYMENT_TARGET = 12.1;
				MTL_ENABLE_DEBUG_INFO = NO;
				MTL_FAST_MATH = YES;
				SDKROOT = iphoneos;
				VALIDATE_PRODUCT = YES;
			};
			name = Release;
		};
		94A161BB2240E84800380B25 /* Debug */ = {
			isa = XCBuildConfiguration;
			baseConfigurationReference = 67A2686E19085DC86C7C0A93 /* Pods-HHZRNRouteManager.debug.xcconfig */;
			buildSettings = {
				ASSETCATALOG_COMPILER_APPICON_NAME = AppIcon;
				CODE_SIGN_STYLE = Manual;
				DEVELOPMENT_TEAM = "";
				INFOPLIST_FILE = HHZRNRouteManager/Info.plist;
				IPHONEOS_DEPLOYMENT_TARGET = 9.0;
				LD_RUNPATH_SEARCH_PATHS = (
					"$(inherited)",
					"@executable_path/Frameworks",
				);
				PRODUCT_BUNDLE_IDENTIFIER = com.chenzhe.iostestproject.HHZRNRouteManager;
				PRODUCT_NAME = "$(TARGET_NAME)";
				PROVISIONING_PROFILE_SPECIFIER = "";
				TARGETED_DEVICE_FAMILY = "1,2";
			};
			name = Debug;
		};
		94A161BC2240E84800380B25 /* Release */ = {
			isa = XCBuildConfiguration;
			baseConfigurationReference = 270F053A20CEBA74D42BDBE7 /* Pods-HHZRNRouteManager.release.xcconfig */;
			buildSettings = {
				ASSETCATALOG_COMPILER_APPICON_NAME = AppIcon;
				CODE_SIGN_STYLE = Manual;
				DEVELOPMENT_TEAM = "";
				INFOPLIST_FILE = HHZRNRouteManager/Info.plist;
				IPHONEOS_DEPLOYMENT_TARGET = 9.0;
				LD_RUNPATH_SEARCH_PATHS = (
					"$(inherited)",
					"@executable_path/Frameworks",
				);
				PRODUCT_BUNDLE_IDENTIFIER = com.chenzhe.iostestproject.HHZRNRouteManager;
				PRODUCT_NAME = "$(TARGET_NAME)";
				PROVISIONING_PROFILE_SPECIFIER = "";
				TARGETED_DEVICE_FAMILY = "1,2";
			};
			name = Release;
		};
/* End XCBuildConfiguration section */

/* Begin XCConfigurationList section */
		94A1619F2240E84600380B25 /* Build configuration list for PBXProject "HHZRNRouteManager" */ = {
			isa = XCConfigurationList;
			buildConfigurations = (
				94A161B82240E84800380B25 /* Debug */,
				94A161B92240E84800380B25 /* Release */,
			);
			defaultConfigurationIsVisible = 0;
			defaultConfigurationName = Release;
		};
		94A161BA2240E84800380B25 /* Build configuration list for PBXNativeTarget "HHZRNRouteManager" */ = {
			isa = XCConfigurationList;
			buildConfigurations = (
				94A161BB2240E84800380B25 /* Debug */,
				94A161BC2240E84800380B25 /* Release */,
			);
			defaultConfigurationIsVisible = 0;
			defaultConfigurationName = Release;
		};
/* End XCConfigurationList section */
	};
	rootObject = 94A1619C2240E84600380B25 /* Project object */;
}
